
Microsoft Visual Studio Solution File, Format Version 12.00
# Visual Studio Version 17
VisualStudioVersion = 17.10.35122.118
MinimumVisualStudioVersion = 10.0.40219.1
Project("{FAE04EC0-301F-11D3-BF4B-00C04F79EFBC}") = "De01", "De01\De01.csproj", "{CD87C620-B41D-48A4-91B9-3F20D271625C}"
EndProject
Global
	GlobalSection(SolutionConfigurationPlatforms) = preSolution
		Debug|Any CPU = Debug|Any CPU
		Release|Any CPU = Release|Any CPU
	EndGlobalSection
	GlobalSection(ProjectConfigurationPlatforms) = postSolution
		{CD87C620-B41D-48A4-91B9-3F20D271625C}.Debug|Any CPU.ActiveCfg = Debug|Any CPU
		{CD87C620-B41D-48A4-91B9-3F20D271625C}.Debug|Any CPU.Build.0 = Debug|Any CPU
		{CD87C620-B41D-48A4-91B9-3F20D271625C}.Release|Any CPU.ActiveCfg = Release|Any CPU
		{CD87C620-B41D-48A4-91B9-3F20D271625C}.Release|Any CPU.Build.0 = Release|Any CPU
	EndGlobalSection
	GlobalSection(SolutionProperties) = preSolution
		HideSolutionNode = FALSE
	EndGlobalSection
	GlobalSection(ExtensibilityGlobals) = postSolution
		SolutionGuid = {14ED2194-C9FA-4856-9153-52C2A22A53DF}
	EndGlobalSection
EndGlobal
